{
    "_readme": [
        "This file locks the dependencies of your project to a known state",
        "Read more about it at http://getcomposer.org/doc/01-basic-usage.md#composer-lock-the-lock-file",
        "This file is @generated automatically"
    ],
    "hash": "d4966f1abfae971ec4256aa08d7b7475",
    "packages": [
        {
            "name": "composer/installers",
            "version": "dev-master",
            "source": {
                "type": "git",
                "url": "https://github.com/composer/installers.git",
                "reference": "2d91dc9ce37bbf876cd408d483270a07001d8c7d"
            },
            "dist": {
                "type": "zip",
                "url": "https://api.github.com/repos/composer/installers/zipball/2d91dc9ce37bbf876cd408d483270a07001d8c7d",
                "reference": "2d91dc9ce37bbf876cd408d483270a07001d8c7d",
                "shasum": ""
            },
            "replace": {
                "roundcube/plugin-installer": "*",
                "shama/baton": "*"
            },
            "require-dev": {
                "composer/composer": "1.0.*@dev",
                "phpunit/phpunit": "4.1.*"
            },
            "type": "composer-installer",
            "extra": {
                "class": "Composer\\Installers\\Installer",
                "branch-alias": {
                    "dev-master": "1.0-dev"
                }
            },
            "autoload": {
                "psr-0": {
                    "Composer\\Installers\\": "src/"
                }
            },
            "notification-url": "https://packagist.org/downloads/",
            "license": [
                "MIT"
            ],
            "authors": [
                {
                    "name": "Kyle Robinson Young",
                    "email": "kyle@dontkry.com",
                    "homepage": "https://github.com/shama"
                }
            ],
            "description": "A multi-framework Composer library installer",
            "homepage": "http://composer.github.com/installers/",
            "keywords": [
                "Craft",
                "Dolibarr",
                "Hurad",
                "MODX Evo",
                "OXID",
                "SMF",
                "Thelia",
                "WolfCMS",
                "agl",
                "annotatecms",
                "bitrix",
                "cakephp",
                "chef",
                "codeigniter",
                "concrete5",
                "croogo",
                "dokuwiki",
                "drupal",
                "elgg",
                "fuelphp",
                "grav",
                "installer",
                "joomla",
                "kohana",
                "laravel",
                "lithium",
                "magento",
                "mako",
                "mediawiki",
                "modulework",
                "moodle",
                "phpbb",
                "piwik",
                "ppi",
                "puppet",
                "roundcube",
                "shopware",
                "silverstripe",
                "symfony",
                "typo3",
                "wordpress",
                "zend",
                "zikula"
            ],
            "time": "2015-01-21 21:08:45"
        },
        {
            "name": "dwoo/dwoo",
            "version": "2.0b1",
            "source": {
                "type": "git",
                "url": "https://github.com/emulienfou/dwoo.git",
                "reference": "4ff4817af08936121e74297b80a5852b08ad0d6f"
            },
            "dist": {
                "type": "zip",
                "url": "https://api.github.com/repos/emulienfou/dwoo/zipball/4ff4817af08936121e74297b80a5852b08ad0d6f",
                "reference": "4ff4817af08936121e74297b80a5852b08ad0d6f",
                "shasum": ""
            },
            "require": {
                "php": ">=5.3"
            },
            "type": "library",
            "autoload": {
                "psr-0": {
                    "Dwoo\\": "lib/"
                }
            },
            "notification-url": "https://packagist.org/downloads/",
            "license": [
                "LGPL"
            ],
            "authors": [
                {
                    "name": "David Sanchez",
                    "email": "david38sanchez@gmail.com"
                }
            ],
            "description": "Dwoo is a PHP5 template engine which is (almost) fully compatible with Smarty templates and plugins, but is written from scratch for PHP5, and adds many features.",
            "time": "2014-06-03 15:32:45"
        },
        {
            "name": "electrolinux/phpquery",
            "version": "dev-master",
            "source": {
                "type": "git",
                "url": "https://github.com/electrolinux/phpquery.git",
                "reference": "aa09e7af2e8d9a965102cf50d9b657aca96fd013"
            },
            "dist": {
                "type": "zip",
                "url": "https://api.github.com/repos/electrolinux/phpquery/zipball/aa09e7af2e8d9a965102cf50d9b657aca96fd013",
                "reference": "aa09e7af2e8d9a965102cf50d9b657aca96fd013",
                "shasum": ""
            },
            "type": "library",
            "autoload": {
                "classmap": [
                    "phpQuery/"
                ]
            },
            "notification-url": "https://packagist.org/downloads/",
            "license": [
                "MIT"
            ],
            "authors": [
                {
                    "name": "Tobiasz Cudnik",
                    "email": "tobiasz.cudnik@gmail.com",
                    "homepage": "https://github.com/TobiaszCudnik",
                    "role": "Developer"
                },
                {
                    "name": "didier Belot",
                    "role": "Packager"
                }
            ],
            "description": "phpQuery is a server-side, chainable, CSS3 selector driven Document Object Model (DOM) API based on jQuery JavaScript Library",
            "homepage": "http://code.google.com/p/phpquery/",
            "time": "2014-08-08 09:03:54"
        },
        {
            "name": "fabpot/goutte",
            "version": "v2.0.2",
            "source": {
                "type": "git",
                "url": "https://github.com/FriendsOfPHP/Goutte.git",
                "reference": "b12c3f7ec68d8814b50444cfe142fd0a056557f9"
            },
            "dist": {
                "type": "zip",
                "url": "https://api.github.com/repos/FriendsOfPHP/Goutte/zipball/b12c3f7ec68d8814b50444cfe142fd0a056557f9",
                "reference": "b12c3f7ec68d8814b50444cfe142fd0a056557f9",
                "shasum": ""
            },
            "require": {
                "guzzlehttp/guzzle": "4.*",
                "php": ">=5.4.0",
                "symfony/browser-kit": "~2.1",
                "symfony/css-selector": "~2.1",
                "symfony/dom-crawler": "~2.1"
            },
            "type": "application",
            "extra": {
                "branch-alias": {
                    "dev-master": "2.0-dev"
                }
            },
            "autoload": {
                "psr-0": {
                    "Goutte": "."
                }
            },
            "notification-url": "https://packagist.org/downloads/",
            "license": [
                "MIT"
            ],
            "authors": [
                {
                    "name": "Fabien Potencier",
                    "email": "fabien@symfony.com"
                }
            ],
            "description": "A simple PHP Web Scraper",
            "homepage": "https://github.com/fabpot/Goutte",
            "keywords": [
                "scraper"
            ],
            "time": "2014-07-22 13:24:11"
        },
        {
            "name": "fuelphp/upload",
            "version": "2.0.2",
            "source": {
                "type": "git",
                "url": "https://github.com/fuelphp/upload.git",
                "reference": "b0d4c8df2d7cc64b8b13415d5de0e3aadd8c2004"
            },
            "dist": {
                "type": "zip",
                "url": "https://api.github.com/repos/fuelphp/upload/zipball/b0d4c8df2d7cc64b8b13415d5de0e3aadd8c2004",
                "reference": "b0d4c8df2d7cc64b8b13415d5de0e3aadd8c2004",
                "shasum": ""
            },
            "require": {
                "ext-fileinfo": "*",
                "php": ">=5.3"
            },
            "require-dev": {
                "mockery/mockery": "0.8.*"
            },
            "type": "library",
            "autoload": {
                "psr-4": {
                    "Fuel\\Upload\\": "src/"
                }
            },
            "notification-url": "https://packagist.org/downloads/",
            "license": [
                "MIT"
            ],
            "authors": [
                {
                    "name": "FuelPHP Development Team",
                    "email": "team@fuelphp.com"
                }
            ],
            "description": "Uploaded file processing.",
            "homepage": "https://github.com/fuelphp/upload",
            "keywords": [
                "file uploads",
                "upload"
            ],
            "time": "2014-07-17 21:15:12"
        },
        {
            "name": "guzzlehttp/guzzle",
            "version": "4.2.3",
            "source": {
                "type": "git",
                "url": "https://github.com/guzzle/guzzle.git",
                "reference": "66fd916e9f9130bc22c51450476823391cb2f67c"
            },
            "dist": {
                "type": "zip",
                "url": "https://api.github.com/repos/guzzle/guzzle/zipball/66fd916e9f9130bc22c51450476823391cb2f67c",
                "reference": "66fd916e9f9130bc22c51450476823391cb2f67c",
                "shasum": ""
            },
            "require": {
                "ext-json": "*",
                "guzzlehttp/streams": "~2.1",
                "php": ">=5.4.0"
            },
            "require-dev": {
                "ext-curl": "*",
                "phpunit/phpunit": "~4.0",
                "psr/log": "~1.0"
            },
            "suggest": {
                "ext-curl": "Guzzle will use specific adapters if cURL is present"
            },
            "type": "library",
            "extra": {
                "branch-alias": {
                    "dev-master": "4.2-dev"
                }
            },
            "autoload": {
                "psr-4": {
                    "GuzzleHttp\\": "src/"
                },
                "files": [
                    "src/functions.php"
                ]
            },
            "notification-url": "https://packagist.org/downloads/",
            "license": [
                "MIT"
            ],
            "authors": [
                {
                    "name": "Michael Dowling",
                    "email": "mtdowling@gmail.com",
                    "homepage": "https://github.com/mtdowling"
                }
            ],
            "description": "Guzzle is a PHP HTTP client library and framework for building RESTful web service clients",
            "homepage": "http://guzzlephp.org/",
            "keywords": [
                "client",
                "curl",
                "framework",
                "http",
                "http client",
                "rest",
                "web service"
            ],
            "time": "2014-10-05 19:29:14"
        },
        {
            "name": "guzzlehttp/streams",
            "version": "2.1.0",
            "source": {
                "type": "git",
                "url": "https://github.com/guzzle/streams.git",
                "reference": "f91b721d73f0e561410903b3b3c90a5d0e40b534"
            },
            "dist": {
                "type": "zip",
                "url": "https://api.github.com/repos/guzzle/streams/zipball/f91b721d73f0e561410903b3b3c90a5d0e40b534",
                "reference": "f91b721d73f0e561410903b3b3c90a5d0e40b534",
                "shasum": ""
            },
            "require": {
                "php": ">=5.4.0"
            },
            "require-dev": {
                "phpunit/phpunit": "~4.0"
            },
            "type": "library",
            "extra": {
                "branch-alias": {
                    "dev-master": "2.0-dev"
                }
            },
            "autoload": {
                "psr-4": {
                    "GuzzleHttp\\Stream\\": "src/"
                },
                "files": [
                    "src/functions.php"
                ]
            },
            "notification-url": "https://packagist.org/downloads/",
            "license": [
                "MIT"
            ],
            "authors": [
                {
                    "name": "Michael Dowling",
                    "email": "mtdowling@gmail.com",
                    "homepage": "https://github.com/mtdowling"
                }
            ],
            "description": "Provides a simple abstraction over streams of data (Guzzle 4+)",
            "homepage": "http://guzzlephp.org/",
            "keywords": [
                "Guzzle",
                "stream"
            ],
            "time": "2014-08-17 21:15:53"
        },
        {
            "name": "monolog/monolog",
            "version": "1.5.0",
            "source": {
                "type": "git",
                "url": "https://github.com/Seldaek/monolog.git",
                "reference": "583618d5cd2115a52101694aca87afb182b3e567"
            },
            "dist": {
                "type": "zip",
                "url": "https://api.github.com/repos/Seldaek/monolog/zipball/583618d5cd2115a52101694aca87afb182b3e567",
                "reference": "583618d5cd2115a52101694aca87afb182b3e567",
                "shasum": ""
            },
            "require": {
                "php": ">=5.3.0",
                "psr/log": "~1.0"
            },
            "require-dev": {
                "doctrine/couchdb": "dev-master",
                "mlehner/gelf-php": "1.0.*",
                "raven/raven": "0.3.*"
            },
            "suggest": {
                "doctrine/couchdb": "Allow sending log messages to a CouchDB server",
                "ext-amqp": "Allow sending log messages to an AMQP server (1.0+ required)",
                "ext-mongo": "Allow sending log messages to a MongoDB server",
                "mlehner/gelf-php": "Allow sending log messages to a GrayLog2 server",
                "raven/raven": "Allow sending log messages to a Sentry server"
            },
            "type": "library",
            "extra": {
                "branch-alias": {
                    "dev-master": "1.4.x-dev"
                }
            },
            "autoload": {
                "psr-0": {
                    "Monolog": "src/"
                }
            },
            "notification-url": "https://packagist.org/downloads/",
            "license": [
                "MIT"
            ],
            "authors": [
                {
                    "name": "Jordi Boggiano",
                    "email": "j.boggiano@seld.be",
                    "homepage": "http://seld.be",
                    "role": "Developer"
                }
            ],
            "description": "Sends your logs to files, sockets, inboxes, databases and various web services",
            "homepage": "http://github.com/Seldaek/monolog",
            "keywords": [
                "log",
                "logging",
                "psr-3"
            ],
            "time": "2013-04-23 10:09:48"
        },
        {
            "name": "mthaml/mthaml",
            "version": "dev-master",
            "source": {
                "type": "git",
                "url": "https://github.com/arnaud-lb/MtHaml.git",
                "reference": "d90f6e2978109e7bf4ee3e58f03a807f3ac4a93c"
            },
            "dist": {
                "type": "zip",
                "url": "https://api.github.com/repos/arnaud-lb/MtHaml/zipball/d90f6e2978109e7bf4ee3e58f03a807f3ac4a93c",
                "reference": "d90f6e2978109e7bf4ee3e58f03a807f3ac4a93c",
                "shasum": ""
            },
            "require": {
                "php": ">=5.4.0"
            },
            "conflict": {
                "mthaml/mthaml-bundle": "<1.1.0"
            },
            "require-dev": {
                "cebe/markdown": "~1",
                "coffeescript/coffeescript": "~1",
                "erusev/parsedown": "*",
                "fluxbb/commonmark": "~1@dev",
                "gregwar/rst": "~1",
                "kzykhys/ciconia": "~1",
                "leafo/lessphp": "*",
                "leafo/scssphp": "*",
                "league/commonmark": ">=0.5",
                "michelf/php-markdown": "~1.3",
                "oyejorge/less.php": "*",
                "twig/twig": "~1.11"
            },
            "suggest": {
                "cebe/markdown": "If you want to use :markdown filter",
                "coffeescript/coffeescript": "If you want to use :coffee or :coffeescript filter",
                "erusev/parsedown": "If you want to use :markdown filter",
                "fluxbb/commonmark": "If you want to use :markdown filter",
                "gregwar/rst": "If you want to use :rest filter",
                "kzykhys/ciconia": "If you want to use :markdown filter",
                "leafo/lessphp": "If you want to use :less filter",
                "leafo/scssphp": "If you want to use :scss filter",
                "league/commonmark": "If you want to use :markdown filter",
                "michelf/php-markdown": "If you want to use :markdown filter",
                "oyejorge/less.php": "If you want to use :less filter",
                "twig/twig": "If you want to use Twig templating engine"
            },
            "type": "library",
            "autoload": {
                "psr-0": {
                    "MtHaml\\": "lib/"
                }
            },
            "notification-url": "https://packagist.org/downloads/",
            "license": [
                "MIT"
            ],
            "authors": [
                {
                    "name": "Arnaud Le Blanc",
                    "email": "arnaud.lb@gmail.com"
                }
            ],
            "description": "HAML for PHP",
            "homepage": "https://github.com/arnaud-lb/MtHaml",
            "keywords": [
                "HAML"
            ],
            "time": "2015-02-01 22:52:36"
        },
        {
            "name": "mustache/mustache",
            "version": "dev-master",
            "source": {
                "type": "git",
                "url": "https://github.com/bobthecow/mustache.php.git",
                "reference": "fdf41dd673dc99b41d60992470dbae94ae0b6ba1"
            },
            "dist": {
                "type": "zip",
                "url": "https://api.github.com/repos/bobthecow/mustache.php/zipball/fdf41dd673dc99b41d60992470dbae94ae0b6ba1",
                "reference": "fdf41dd673dc99b41d60992470dbae94ae0b6ba1",
                "shasum": ""
            },
            "require": {
                "php": ">=5.2.4"
            },
            "require-dev": {
                "phpunit/phpunit": "*"
            },
            "type": "library",
            "autoload": {
                "psr-0": {
                    "Mustache": "src/"
                }
            },
            "notification-url": "https://packagist.org/downloads/",
            "license": [
                "MIT"
            ],
            "authors": [
                {
                    "name": "Justin Hileman",
                    "email": "justin@justinhileman.info",
                    "homepage": "http://justinhileman.com"
                }
            ],
            "description": "A Mustache implementation in PHP.",
            "homepage": "https://github.com/bobthecow/mustache.php",
            "keywords": [
                "mustache",
                "templating"
            ],
            "time": "2014-08-26 19:50:10"
        },
        {
            "name": "pagon/jade",
            "version": "dev-master",
            "source": {
                "type": "git",
                "url": "https://github.com/hfcorriez/jade.php.git",
                "reference": "c606c0f2cdcf8e2b93ad03b5c1e16e0d37d86a25"
            },
            "dist": {
                "type": "zip",
                "url": "https://api.github.com/repos/hfcorriez/jade.php/zipball/c606c0f2cdcf8e2b93ad03b5c1e16e0d37d86a25",
                "reference": "c606c0f2cdcf8e2b93ad03b5c1e16e0d37d86a25",
                "shasum": ""
            },
            "require": {
                "php": ">=5.3.0"
            },
            "type": "library",
            "autoload": {
                "psr-0": {
                    "Everzet\\Jade": "src/"
                }
            },
            "notification-url": "https://packagist.org/downloads/",
            "license": [
                "MIT"
            ],
            "authors": [
                {
                    "name": "Konstantin Kudryashov",
                    "email": "ever.zet@gmail.com",
                    "homepage": "http://everzet.com"
                },
                {
                    "name": "Corrie Zhao",
                    "email": "hfcorriez@gmail.com",
                    "homepage": "http://feiyang.me"
                }
            ],
            "description": "Jade of Pagon",
            "keywords": [
                "jade",
                "jade.php",
                "template"
            ],
            "time": "2013-03-06 12:48:19"
        },
        {
            "name": "psr/log",
            "version": "dev-master",
            "source": {
                "type": "git",
                "url": "https://github.com/php-fig/log.git",
                "reference": "1af1529b49a6e065ae6802e70192aba35d79b7d8"
            },
            "dist": {
                "type": "zip",
                "url": "https://api.github.com/repos/php-fig/log/zipball/1af1529b49a6e065ae6802e70192aba35d79b7d8",
                "reference": "1af1529b49a6e065ae6802e70192aba35d79b7d8",
                "shasum": ""
            },
            "type": "library",
            "extra": {
                "branch-alias": {
                    "dev-master": "1.0.x-dev"
                }
            },
            "autoload": {
                "psr-0": {
                    "Psr\\Log\\": ""
                }
            },
            "notification-url": "https://packagist.org/downloads/",
            "license": [
                "MIT"
            ],
            "authors": [
                {
                    "name": "PHP-FIG",
                    "homepage": "http://www.php-fig.org/"
                }
            ],
            "description": "Common interface for logging libraries",
            "keywords": [
                "log",
                "psr",
                "psr-3"
            ],
            "time": "2015-02-05 09:32:11"
        },
        {
            "name": "pyrocms/lex",
            "version": "dev-master",
            "source": {
                "type": "git",
                "url": "https://github.com/pyrocms/lex.git",
                "reference": "af587bcbd3f3d0d83c7a4d49647f99f1153fd1b4"
            },
            "dist": {
                "type": "zip",
                "url": "https://api.github.com/repos/pyrocms/lex/zipball/af587bcbd3f3d0d83c7a4d49647f99f1153fd1b4",
                "reference": "af587bcbd3f3d0d83c7a4d49647f99f1153fd1b4",
                "shasum": ""
            },
            "require": {
                "php": ">=5.3.0"
            },
            "replace": {
                "fuel/lex": "*"
            },
            "type": "library",
            "autoload": {
                "psr-0": {
                    "Lex": "lib/"
                }
            },
            "notification-url": "https://packagist.org/downloads/",
            "license": [
                "MIT"
            ],
            "authors": [
                {
                    "name": "Dan Horrigan",
                    "email": "dan@dhorrigan.com",
                    "role": "Lead Developer"
                }
            ],
            "description": "A lightweight template parser.",
            "keywords": [
                "parser",
                "template"
            ],
            "time": "2014-08-14 18:40:06"
        },
        {
            "name": "smarty/smarty",
            "version": "dev-master",
            "source": {
                "type": "git",
                "url": "https://github.com/smarty-php/smarty.git",
                "reference": "e4e3e176c03aaea2294a69c11a8bc165ec758ba9"
            },
            "dist": {
                "type": "zip",
                "url": "https://api.github.com/repos/smarty-php/smarty/zipball/e4e3e176c03aaea2294a69c11a8bc165ec758ba9",
                "reference": "e4e3e176c03aaea2294a69c11a8bc165ec758ba9",
                "shasum": ""
            },
            "require": {
                "php": ">=5.2"
            },
            "type": "library",
            "extra": {
                "branch-alias": {
                    "dev-master": "3.1.x-dev"
                }
            },
            "autoload": {
                "classmap": [
                    "libs/Smarty.class.php",
                    "libs/SmartyBC.class.php",
                    "libs/sysplugins/"
                ]
            },
            "notification-url": "https://packagist.org/downloads/",
            "license": [
                "LGPL-3.0"
            ],
            "authors": [
                {
                    "name": "Monte Ohrt",
                    "email": "monte@ohrt.com"
                },
                {
                    "name": "Uwe Tews",
                    "email": "uwe.tews@googlemail.com"
                },
                {
                    "name": "Rodney Rehm",
                    "email": "rodney.rehm@medialize.de"
                }
            ],
            "description": "Smarty - the compiling PHP template engine",
            "homepage": "http://www.smarty.net",
            "keywords": [
                "templating"
            ],
            "time": "2015-01-22 03:07:58"
        },
        {
            "name": "symfony/browser-kit",
            "version": "2.7.x-dev",
            "target-dir": "Symfony/Component/BrowserKit",
            "source": {
                "type": "git",
                "url": "https://github.com/symfony/BrowserKit.git",
                "reference": "432c0593d5367b1bb8aa893cb2272172934ad371"
            },
            "dist": {
                "type": "zip",
                "url": "https://api.github.com/repos/symfony/BrowserKit/zipball/432c0593d5367b1bb8aa893cb2272172934ad371",
                "reference": "432c0593d5367b1bb8aa893cb2272172934ad371",
                "shasum": ""
            },
            "require": {
                "php": ">=5.3.9",
                "symfony/dom-crawler": "~2.0,>=2.0.5|~3.0.0"
            },
            "require-dev": {
                "symfony/css-selector": "~2.0,>=2.0.5|~3.0.0",
                "symfony/process": "~2.0,>=2.0.5|~3.0.0"
            },
            "suggest": {
                "symfony/process": ""
            },
            "type": "library",
            "extra": {
                "branch-alias": {
                    "dev-master": "2.7-dev"
                }
            },
            "autoload": {
                "psr-0": {
                    "Symfony\\Component\\BrowserKit\\": ""
                }
            },
            "notification-url": "https://packagist.org/downloads/",
            "license": [
                "MIT"
            ],
            "authors": [
                {
                    "name": "Symfony Community",
                    "homepage": "http://symfony.com/contributors"
                },
                {
                    "name": "Fabien Potencier",
                    "email": "fabien@symfony.com"
                }
            ],
            "description": "Symfony BrowserKit Component",
            "homepage": "http://symfony.com",
            "time": "2015-01-09 06:51:41"
        },
        {
            "name": "symfony/css-selector",
            "version": "2.7.x-dev",
            "target-dir": "Symfony/Component/CssSelector",
            "source": {
                "type": "git",
                "url": "https://github.com/symfony/CssSelector.git",
                "reference": "1f8617c67bef17192d28c0f2dda3a04b632629bb"
            },
            "dist": {
                "type": "zip",
                "url": "https://api.github.com/repos/symfony/CssSelector/zipball/1f8617c67bef17192d28c0f2dda3a04b632629bb",
                "reference": "1f8617c67bef17192d28c0f2dda3a04b632629bb",
                "shasum": ""
            },
            "require": {
                "php": ">=5.3.9"
            },
            "type": "library",
            "extra": {
                "branch-alias": {
                    "dev-master": "2.7-dev"
                }
            },
            "autoload": {
                "psr-0": {
                    "Symfony\\Component\\CssSelector\\": ""
                }
            },
            "notification-url": "https://packagist.org/downloads/",
            "license": [
                "MIT"
            ],
            "authors": [
                {
                    "name": "Symfony Community",
                    "homepage": "http://symfony.com/contributors"
                },
                {
                    "name": "Jean-François Simon",
                    "email": "jeanfrancois.simon@sensiolabs.com"
                },
                {
                    "name": "Fabien Potencier",
                    "email": "fabien@symfony.com"
                }
            ],
            "description": "Symfony CssSelector Component",
            "homepage": "http://symfony.com",
            "time": "2015-01-09 06:51:41"
        },
        {
            "name": "symfony/dom-crawler",
            "version": "2.7.x-dev",
            "target-dir": "Symfony/Component/DomCrawler",
            "source": {
                "type": "git",
                "url": "https://github.com/symfony/DomCrawler.git",
                "reference": "49d1657a690eaa6e8fd4f92d828b89bed05dd55d"
            },
            "dist": {
                "type": "zip",
                "url": "https://api.github.com/repos/symfony/DomCrawler/zipball/49d1657a690eaa6e8fd4f92d828b89bed05dd55d",
                "reference": "49d1657a690eaa6e8fd4f92d828b89bed05dd55d",
                "shasum": ""
            },
            "require": {
                "php": ">=5.3.9"
            },
            "require-dev": {
                "symfony/css-selector": "~2.3|~3.0.0"
            },
            "suggest": {
                "symfony/css-selector": ""
            },
            "type": "library",
            "extra": {
                "branch-alias": {
                    "dev-master": "2.7-dev"
                }
            },
            "autoload": {
                "psr-0": {
                    "Symfony\\Component\\DomCrawler\\": ""
                }
            },
            "notification-url": "https://packagist.org/downloads/",
            "license": [
                "MIT"
            ],
            "authors": [
                {
                    "name": "Symfony Community",
                    "homepage": "http://symfony.com/contributors"
                },
                {
                    "name": "Fabien Potencier",
                    "email": "fabien@symfony.com"
                }
            ],
            "description": "Symfony DomCrawler Component",
            "homepage": "http://symfony.com",
            "time": "2015-02-05 06:58:17"
        },
        {
            "name": "twig/twig",
            "version": "dev-master",
            "source": {
                "type": "git",
                "url": "https://github.com/twigphp/Twig.git",
                "reference": "74a8bddec4e8fbea8b3f497bc7cc4bdf1a498330"
            },
            "dist": {
                "type": "zip",
                "url": "https://api.github.com/repos/twigphp/Twig/zipball/74a8bddec4e8fbea8b3f497bc7cc4bdf1a498330",
                "reference": "74a8bddec4e8fbea8b3f497bc7cc4bdf1a498330",
                "shasum": ""
            },
            "require": {
                "php": ">=5.2.7"
            },
            "type": "library",
            "extra": {
                "branch-alias": {
                    "dev-master": "1.18-dev"
                }
            },
            "autoload": {
                "psr-0": {
                    "Twig_": "lib/"
                }
            },
            "notification-url": "https://packagist.org/downloads/",
            "license": [
                "BSD-3-Clause"
            ],
            "authors": [
                {
                    "name": "Fabien Potencier",
                    "email": "fabien@symfony.com",
                    "homepage": "http://fabien.potencier.org",
                    "role": "Lead Developer"
                },
                {
                    "name": "Armin Ronacher",
                    "email": "armin.ronacher@active-4.com",
                    "role": "Project Founder"
                },
                {
                    "name": "Twig Team",
                    "homepage": "http://twig.sensiolabs.org/contributors",
                    "role": "Contributors"
                }
            ],
            "description": "Twig, the flexible, fast, and secure template language for PHP",
            "homepage": "http://twig.sensiolabs.org",
            "keywords": [
                "templating"
            ],
            "time": "2015-01-30 11:04:23"
        }
    ],
    "packages-dev": [],
    "aliases": [],
    "minimum-stability": "dev",
    "stability-flags": {
        "electrolinux/phpquery": 20
    },
    "prefer-stable": false,
    "prefer-lowest": false,
    "platform": {
        "php": ">=5.3.3"
    },
    "platform-dev": []
}
